
Microsoft Visual Studio Solution File, Format Version 12.00
# Visual Studio 14
VisualStudioVersion = 14.0.25123.0
MinimumVisualStudioVersion = 10.0.40219.1
Project("{FAE04EC0-301F-11D3-BF4B-00C04F79EFBC}") = "ExerciciosSemana03", "ExerciciosSemana03\ExerciciosSemana03.csproj", "{1416B1F5-3814-4D83-BB55-A45CB10631EB}"
EndProject
Project("{FAE04EC0-301F-11D3-BF4B-00C04F79EFBC}") = "ExerciciosSemana03Test", "ExerciciosSemana03Test\ExerciciosSemana03Test.csproj", "{5DFB296E-0F5D-499C-B514-165562A06794}"
EndProject
Project("{FAE04EC0-301F-11D3-BF4B-00C04F79EFBC}") = "Exercicio15", "Exercicio15\Exercicio15.csproj", "{4483A19A-A32C-4AE8-BA41-D1EC0D9E9E09}"
EndProject
Global
	GlobalSection(SolutionConfigurationPlatforms) = preSolution
		Debug|Any CPU = Debug|Any CPU
		Release|Any CPU = Release|Any CPU
	EndGlobalSection
	GlobalSection(ProjectConfigurationPlatforms) = postSolution
		{1416B1F5-3814-4D83-BB55-A45CB10631EB}.Debug|Any CPU.ActiveCfg = Debug|Any CPU
		{1416B1F5-3814-4D83-BB55-A45CB10631EB}.Debug|Any CPU.Build.0 = Debug|Any CPU
		{1416B1F5-3814-4D83-BB55-A45CB10631EB}.Release|Any CPU.ActiveCfg = Release|Any CPU
		{1416B1F5-3814-4D83-BB55-A45CB10631EB}.Release|Any CPU.Build.0 = Release|Any CPU
		{5DFB296E-0F5D-499C-B514-165562A06794}.Debug|Any CPU.ActiveCfg = Debug|Any CPU
		{5DFB296E-0F5D-499C-B514-165562A06794}.Debug|Any CPU.Build.0 = Debug|Any CPU
		{5DFB296E-0F5D-499C-B514-165562A06794}.Release|Any CPU.ActiveCfg = Release|Any CPU
		{5DFB296E-0F5D-499C-B514-165562A06794}.Release|Any CPU.Build.0 = Release|Any CPU
		{4483A19A-A32C-4AE8-BA41-D1EC0D9E9E09}.Debug|Any CPU.ActiveCfg = Debug|Any CPU
		{4483A19A-A32C-4AE8-BA41-D1EC0D9E9E09}.Debug|Any CPU.Build.0 = Debug|Any CPU
		{4483A19A-A32C-4AE8-BA41-D1EC0D9E9E09}.Release|Any CPU.ActiveCfg = Release|Any CPU
		{4483A19A-A32C-4AE8-BA41-D1EC0D9E9E09}.Release|Any CPU.Build.0 = Release|Any CPU
	EndGlobalSection
	GlobalSection(SolutionProperties) = preSolution
		HideSolutionNode = FALSE
	EndGlobalSection
EndGlobal
